
Microsoft Visual Studio Solution File, Format Version 12.00
# Visual Studio Version 16
VisualStudioVersion = 16.0.30907.101
MinimumVisualStudioVersion = 10.0.40219.1
Project("{2150E333-8FDC-42A3-9474-1A3956D46DE8}") = "Scripts", "Scripts", "{473832D1-C8B1-4833-8F34-D3193509906D}"
EndProject
Project("{2150E333-8FDC-42A3-9474-1A3956D46DE8}") = "Source", "Source", "{D1DE3DFA-186E-430E-A128-DD32E32D89FE}"
EndProject
Project("{2150E333-8FDC-42A3-9474-1A3956D46DE8}") = "Tests", "Tests", "{476D9449-F43E-4F15-AE2F-1E098A2CB2D7}"
EndProject
Project("{2150E333-8FDC-42A3-9474-1A3956D46DE8}") = "Core", "Core", "{C5E88E7D-4CBA-4819-85B3-40850F1412C5}"
EndProject
Project("{2150E333-8FDC-42A3-9474-1A3956D46DE8}") = "Infrastructure", "Infrastructure", "{F133FE98-7A8F-475D-B22D-1800BB2C8D09}"
EndProject
Project("{2150E333-8FDC-42A3-9474-1A3956D46DE8}") = "Web", "Web", "{4183917D-EA9C-4441-8834-2A9A41785754}"
EndProject
Project("{FAE04EC0-301F-11D3-BF4B-00C04F79EFBC}") = "NB.WebAPI", "NB.WebAPI\NB.WebAPI.csproj", "{ABB35078-C435-4F2A-88B4-596B7A97E87D}"
EndProject
Project("{FAE04EC0-301F-11D3-BF4B-00C04F79EFBC}") = "NB.Persistence", "NB.Persistence\NB.Persistence.csproj", "{95C5ABB6-37D3-44D7-9B1A-F3EFA0EC1FFE}"
EndProject
Project("{FAE04EC0-301F-11D3-BF4B-00C04F79EFBC}") = "NB.Infra.Shared", "NB.Infra.Shared\NB.Infra.Shared.csproj", "{5AFCA190-7027-4F28-A695-14671CABDA18}"
EndProject
Project("{FAE04EC0-301F-11D3-BF4B-00C04F79EFBC}") = "NB.Application", "NB.Application\NB.Application.csproj", "{06C01E21-17D6-43F8-A8A9-306B727BA804}"
EndProject
Project("{FAE04EC0-301F-11D3-BF4B-00C04F79EFBC}") = "NB.Domain", "NB.Domain\NB.Domain.csproj", "{ADCB326F-908B-4703-A2EB-5AB88A743FEE}"
EndProject
Global
	GlobalSection(SolutionConfigurationPlatforms) = preSolution
		Debug|Any CPU = Debug|Any CPU
		Release|Any CPU = Release|Any CPU
	EndGlobalSection
	GlobalSection(ProjectConfigurationPlatforms) = postSolution
		{ABB35078-C435-4F2A-88B4-596B7A97E87D}.Debug|Any CPU.ActiveCfg = Debug|Any CPU
		{ABB35078-C435-4F2A-88B4-596B7A97E87D}.Debug|Any CPU.Build.0 = Debug|Any CPU
		{ABB35078-C435-4F2A-88B4-596B7A97E87D}.Release|Any CPU.ActiveCfg = Release|Any CPU
		{ABB35078-C435-4F2A-88B4-596B7A97E87D}.Release|Any CPU.Build.0 = Release|Any CPU
		{95C5ABB6-37D3-44D7-9B1A-F3EFA0EC1FFE}.Debug|Any CPU.ActiveCfg = Debug|Any CPU
		{95C5ABB6-37D3-44D7-9B1A-F3EFA0EC1FFE}.Debug|Any CPU.Build.0 = Debug|Any CPU
		{95C5ABB6-37D3-44D7-9B1A-F3EFA0EC1FFE}.Release|Any CPU.ActiveCfg = Release|Any CPU
		{95C5ABB6-37D3-44D7-9B1A-F3EFA0EC1FFE}.Release|Any CPU.Build.0 = Release|Any CPU
		{5AFCA190-7027-4F28-A695-14671CABDA18}.Debug|Any CPU.ActiveCfg = Debug|Any CPU
		{5AFCA190-7027-4F28-A695-14671CABDA18}.Debug|Any CPU.Build.0 = Debug|Any CPU
		{5AFCA190-7027-4F28-A695-14671CABDA18}.Release|Any CPU.ActiveCfg = Release|Any CPU
		{5AFCA190-7027-4F28-A695-14671CABDA18}.Release|Any CPU.Build.0 = Release|Any CPU
		{06C01E21-17D6-43F8-A8A9-306B727BA804}.Debug|Any CPU.ActiveCfg = Debug|Any CPU
		{06C01E21-17D6-43F8-A8A9-306B727BA804}.Debug|Any CPU.Build.0 = Debug|Any CPU
		{06C01E21-17D6-43F8-A8A9-306B727BA804}.Release|Any CPU.ActiveCfg = Release|Any CPU
		{06C01E21-17D6-43F8-A8A9-306B727BA804}.Release|Any CPU.Build.0 = Release|Any CPU
		{ADCB326F-908B-4703-A2EB-5AB88A743FEE}.Debug|Any CPU.ActiveCfg = Debug|Any CPU
		{ADCB326F-908B-4703-A2EB-5AB88A743FEE}.Debug|Any CPU.Build.0 = Debug|Any CPU
		{ADCB326F-908B-4703-A2EB-5AB88A743FEE}.Release|Any CPU.ActiveCfg = Release|Any CPU
		{ADCB326F-908B-4703-A2EB-5AB88A743FEE}.Release|Any CPU.Build.0 = Release|Any CPU
	EndGlobalSection
	GlobalSection(SolutionProperties) = preSolution
		HideSolutionNode = FALSE
	EndGlobalSection
	GlobalSection(NestedProjects) = preSolution
		{C5E88E7D-4CBA-4819-85B3-40850F1412C5} = {D1DE3DFA-186E-430E-A128-DD32E32D89FE}
		{F133FE98-7A8F-475D-B22D-1800BB2C8D09} = {D1DE3DFA-186E-430E-A128-DD32E32D89FE}
		{4183917D-EA9C-4441-8834-2A9A41785754} = {D1DE3DFA-186E-430E-A128-DD32E32D89FE}
		{ABB35078-C435-4F2A-88B4-596B7A97E87D} = {4183917D-EA9C-4441-8834-2A9A41785754}
		{95C5ABB6-37D3-44D7-9B1A-F3EFA0EC1FFE} = {F133FE98-7A8F-475D-B22D-1800BB2C8D09}
		{5AFCA190-7027-4F28-A695-14671CABDA18} = {F133FE98-7A8F-475D-B22D-1800BB2C8D09}
		{06C01E21-17D6-43F8-A8A9-306B727BA804} = {C5E88E7D-4CBA-4819-85B3-40850F1412C5}
		{ADCB326F-908B-4703-A2EB-5AB88A743FEE} = {C5E88E7D-4CBA-4819-85B3-40850F1412C5}
	EndGlobalSection
	GlobalSection(ExtensibilityGlobals) = postSolution
		SolutionGuid = {CDFC866F-29F1-4E1C-98D0-C6AC9F760540}
	EndGlobalSection
EndGlobal
